
Microsoft Visual Studio Solution File, Format Version 12.00
# Visual Studio Version 17
VisualStudioVersion = 17.4.33213.308
MinimumVisualStudioVersion = 10.0.40219.1
Project("{FAE04EC0-301F-11D3-BF4B-00C04F79EFBC}") = "Miss Universe", "Miss Universe\Miss Universe.csproj", "{B14B96F2-924B-4C81-8653-9866193299D9}"
EndProject
Global
	GlobalSection(SolutionConfigurationPlatforms) = preSolution
		Debug|Any CPU = Debug|Any CPU
		Release|Any CPU = Release|Any CPU
	EndGlobalSection
	GlobalSection(ProjectConfigurationPlatforms) = postSolution
		{B14B96F2-924B-4C81-8653-9866193299D9}.Debug|Any CPU.ActiveCfg = Debug|Any CPU
		{B14B96F2-924B-4C81-8653-9866193299D9}.Debug|Any CPU.Build.0 = Debug|Any CPU
		{B14B96F2-924B-4C81-8653-9866193299D9}.Release|Any CPU.ActiveCfg = Release|Any CPU
		{B14B96F2-924B-4C81-8653-9866193299D9}.Release|Any CPU.Build.0 = Release|Any CPU
	EndGlobalSection
	GlobalSection(SolutionProperties) = preSolution
		HideSolutionNode = FALSE
	EndGlobalSection
	GlobalSection(ExtensibilityGlobals) = postSolution
		SolutionGuid = {E49D3389-CA81-4BD8-8239-F0897199B5E6}
	EndGlobalSection
EndGlobal
